
Microsoft Visual Studio Solution File, Format Version 12.00
# Visual Studio 15
VisualStudioVersion = 15.0.27703.2047
MinimumVisualStudioVersion = 10.0.40219.1
Project("{FAE04EC0-301F-11D3-BF4B-00C04F79EFBC}") = "LearLogin_DayNhauHoc", "LearLogin_DayNhauHoc\LearLogin_DayNhauHoc.csproj", "{D3BC1EAB-E669-4FA1-96F9-5D741F5FE745}"
EndProject
Global
	GlobalSection(SolutionConfigurationPlatforms) = preSolution
		Debug|Any CPU = Debug|Any CPU
		Release|Any CPU = Release|Any CPU
	EndGlobalSection
	GlobalSection(ProjectConfigurationPlatforms) = postSolution
		{D3BC1EAB-E669-4FA1-96F9-5D741F5FE745}.Debug|Any CPU.ActiveCfg = Debug|Any CPU
		{D3BC1EAB-E669-4FA1-96F9-5D741F5FE745}.Debug|Any CPU.Build.0 = Debug|Any CPU
		{D3BC1EAB-E669-4FA1-96F9-5D741F5FE745}.Release|Any CPU.ActiveCfg = Release|Any CPU
		{D3BC1EAB-E669-4FA1-96F9-5D741F5FE745}.Release|Any CPU.Build.0 = Release|Any CPU
	EndGlobalSection
	GlobalSection(SolutionProperties) = preSolution
		HideSolutionNode = FALSE
	EndGlobalSection
	GlobalSection(ExtensibilityGlobals) = postSolution
		SolutionGuid = {F03A5090-4FB2-4E30-966F-198A84F905E3}
	EndGlobalSection
EndGlobal
